
Microsoft Visual Studio Solution File, Format Version 12.00
# Visual Studio Version 16
VisualStudioVersion = 16.0.32228.343
MinimumVisualStudioVersion = 10.0.40219.1
Project("{9A19103F-16F7-4668-BE54-9A1E7A4F7556}") = "OnionArcitectureLinuxTest1", "OnionArcitectureLinuxTest1\OnionArcitectureLinuxTest1.csproj", "{C32C840C-DD77-45E6-AA9E-36A10153ACE9}"
EndProject
Project("{2150E333-8FDC-42A3-9474-1A3956D46DE8}") = "Core", "Core", "{1DD34247-AEC0-422C-966A-C87480059384}"
EndProject
Project("{2150E333-8FDC-42A3-9474-1A3956D46DE8}") = "Infrastructure", "Infrastructure", "{EDC7813E-DE2F-4261-AAD3-7D9672DEB5A0}"
EndProject
Project("{9A19103F-16F7-4668-BE54-9A1E7A4F7556}") = "Domain", "Domain\Domain.csproj", "{916C1DB5-03AD-45A9-B487-5AEC9AED2093}"
EndProject
Project("{9A19103F-16F7-4668-BE54-9A1E7A4F7556}") = "Persistence", "Persistence\Persistence.csproj", "{B6E9DF71-AD2E-4342-9C53-176A869C69D4}"
EndProject
Project("{9A19103F-16F7-4668-BE54-9A1E7A4F7556}") = "Models", "Models\Models.csproj", "{35F23BDA-1AB4-4977-96A4-8125EB48E7BE}"
EndProject
Project("{9A19103F-16F7-4668-BE54-9A1E7A4F7556}") = "Services.Abstractions", "Services.Abstractions\Services.Abstractions.csproj", "{7D60A589-8770-4D65-9021-01E3485EC2D4}"
EndProject
Project("{FAE04EC0-301F-11D3-BF4B-00C04F79EFBC}") = "Services", "Services\Services.csproj", "{BDA88F36-5A2E-4F54-9885-D27BEC098212}"
EndProject
Global
	GlobalSection(SolutionConfigurationPlatforms) = preSolution
		Debug|Any CPU = Debug|Any CPU
		Release|Any CPU = Release|Any CPU
	EndGlobalSection
	GlobalSection(ProjectConfigurationPlatforms) = postSolution
		{C32C840C-DD77-45E6-AA9E-36A10153ACE9}.Debug|Any CPU.ActiveCfg = Debug|Any CPU
		{C32C840C-DD77-45E6-AA9E-36A10153ACE9}.Debug|Any CPU.Build.0 = Debug|Any CPU
		{C32C840C-DD77-45E6-AA9E-36A10153ACE9}.Release|Any CPU.ActiveCfg = Release|Any CPU
		{C32C840C-DD77-45E6-AA9E-36A10153ACE9}.Release|Any CPU.Build.0 = Release|Any CPU
		{916C1DB5-03AD-45A9-B487-5AEC9AED2093}.Debug|Any CPU.ActiveCfg = Debug|Any CPU
		{916C1DB5-03AD-45A9-B487-5AEC9AED2093}.Debug|Any CPU.Build.0 = Debug|Any CPU
		{916C1DB5-03AD-45A9-B487-5AEC9AED2093}.Release|Any CPU.ActiveCfg = Release|Any CPU
		{916C1DB5-03AD-45A9-B487-5AEC9AED2093}.Release|Any CPU.Build.0 = Release|Any CPU
		{B6E9DF71-AD2E-4342-9C53-176A869C69D4}.Debug|Any CPU.ActiveCfg = Debug|Any CPU
		{B6E9DF71-AD2E-4342-9C53-176A869C69D4}.Debug|Any CPU.Build.0 = Debug|Any CPU
		{B6E9DF71-AD2E-4342-9C53-176A869C69D4}.Release|Any CPU.ActiveCfg = Release|Any CPU
		{B6E9DF71-AD2E-4342-9C53-176A869C69D4}.Release|Any CPU.Build.0 = Release|Any CPU
		{35F23BDA-1AB4-4977-96A4-8125EB48E7BE}.Debug|Any CPU.ActiveCfg = Debug|Any CPU
		{35F23BDA-1AB4-4977-96A4-8125EB48E7BE}.Debug|Any CPU.Build.0 = Debug|Any CPU
		{35F23BDA-1AB4-4977-96A4-8125EB48E7BE}.Release|Any CPU.ActiveCfg = Release|Any CPU
		{35F23BDA-1AB4-4977-96A4-8125EB48E7BE}.Release|Any CPU.Build.0 = Release|Any CPU
		{7D60A589-8770-4D65-9021-01E3485EC2D4}.Debug|Any CPU.ActiveCfg = Debug|Any CPU
		{7D60A589-8770-4D65-9021-01E3485EC2D4}.Debug|Any CPU.Build.0 = Debug|Any CPU
		{7D60A589-8770-4D65-9021-01E3485EC2D4}.Release|Any CPU.ActiveCfg = Release|Any CPU
		{7D60A589-8770-4D65-9021-01E3485EC2D4}.Release|Any CPU.Build.0 = Release|Any CPU
		{BDA88F36-5A2E-4F54-9885-D27BEC098212}.Debug|Any CPU.ActiveCfg = Debug|Any CPU
		{BDA88F36-5A2E-4F54-9885-D27BEC098212}.Debug|Any CPU.Build.0 = Debug|Any CPU
		{BDA88F36-5A2E-4F54-9885-D27BEC098212}.Release|Any CPU.ActiveCfg = Release|Any CPU
		{BDA88F36-5A2E-4F54-9885-D27BEC098212}.Release|Any CPU.Build.0 = Release|Any CPU
	EndGlobalSection
	GlobalSection(SolutionProperties) = preSolution
		HideSolutionNode = FALSE
	EndGlobalSection
	GlobalSection(NestedProjects) = preSolution
		{916C1DB5-03AD-45A9-B487-5AEC9AED2093} = {1DD34247-AEC0-422C-966A-C87480059384}
		{B6E9DF71-AD2E-4342-9C53-176A869C69D4} = {EDC7813E-DE2F-4261-AAD3-7D9672DEB5A0}
		{35F23BDA-1AB4-4977-96A4-8125EB48E7BE} = {1DD34247-AEC0-422C-966A-C87480059384}
		{7D60A589-8770-4D65-9021-01E3485EC2D4} = {1DD34247-AEC0-422C-966A-C87480059384}
		{BDA88F36-5A2E-4F54-9885-D27BEC098212} = {1DD34247-AEC0-422C-966A-C87480059384}
	EndGlobalSection
	GlobalSection(ExtensibilityGlobals) = postSolution
		SolutionGuid = {9CDFCBF8-FB4E-45B5-9C5F-E0E32E842B7B}
	EndGlobalSection
EndGlobal
